// !$*UTF8*$!
{
	archiveVersion = 1;
	classes = {
	};
	objectVersion = 56;
	objects = {

/* Begin PBXBuildFile section */
		48C128852C1AE56300EA91F8 /* AppDelegate.swift in Sources */ = {isa = PBXBuildFile; fileRef = 48C128842C1AE56300EA91F8 /* AppDelegate.swift */; };
		48C128872C1AE56300EA91F8 /* SceneDelegate.swift in Sources */ = {isa = PBXBuildFile; fileRef = 48C128862C1AE56300EA91F8 /* SceneDelegate.swift */; };
		48C128892C1AE56300EA91F8 /* OnboardingViewController.swift in Sources */ = {isa = PBXBuildFile; fileRef = 48C128882C1AE56300EA91F8 /* OnboardingViewController.swift */; };
		48C1288E2C1AE56400EA91F8 /* Assets.xcassets in Resources */ = {isa = PBXBuildFile; fileRef = 48C1288D2C1AE56400EA91F8 /* Assets.xcassets */; };
		48C128912C1AE56400EA91F8 /* Base in Resources */ = {isa = PBXBuildFile; fileRef = 48C128902C1AE56400EA91F8 /* Base */; };
		48C1289B2C1AE66600EA91F8 /* .gitignore in Resources */ = {isa = PBXBuildFile; fileRef = 48C1289A2C1AE66600EA91F8 /* .gitignore */; };
		48C1289E2C1AE6B100EA91F8 /* IQKeyboardManagerSwift in Frameworks */ = {isa = PBXBuildFile; productRef = 48C1289D2C1AE6B100EA91F8 /* IQKeyboardManagerSwift */; };
		48C128A12C1AE6BD00EA91F8 /* Alamofire in Frameworks */ = {isa = PBXBuildFile; productRef = 48C128A02C1AE6BD00EA91F8 /* Alamofire */; };
		48C128A42C1AE6D200EA91F8 /* SnapKit in Frameworks */ = {isa = PBXBuildFile; productRef = 48C128A32C1AE6D200EA91F8 /* SnapKit */; };
		48C128A62C1AE86B00EA91F8 /* APIKey.swift in Sources */ = {isa = PBXBuildFile; fileRef = 48C128A52C1AE86B00EA91F8 /* APIKey.swift */; };
		48C128A92C1AE9B900EA91F8 /* Contant.swift in Sources */ = {isa = PBXBuildFile; fileRef = 48C128A82C1AE9B900EA91F8 /* Contant.swift */; };
		48C128AD2C1AF35500EA91F8 /* PrimaryButton.swift in Sources */ = {isa = PBXBuildFile; fileRef = 48C128AC2C1AF35500EA91F8 /* PrimaryButton.swift */; };
		48C128B02C1AF9DF00EA91F8 /* ProfileNickNameViewController.swift in Sources */ = {isa = PBXBuildFile; fileRef = 48C128AF2C1AF9DF00EA91F8 /* ProfileNickNameViewController.swift */; };
		48C128B22C1AFA5D00EA91F8 /* ProfileImageView.swift in Sources */ = {isa = PBXBuildFile; fileRef = 48C128B12C1AFA5D00EA91F8 /* ProfileImageView.swift */; };
		48C128B42C1B03DB00EA91F8 /* ProfileImageViewController.swift in Sources */ = {isa = PBXBuildFile; fileRef = 48C128B32C1B03DB00EA91F8 /* ProfileImageViewController.swift */; };
		48C128B62C1B339F00EA91F8 /* MainViewController.swift in Sources */ = {isa = PBXBuildFile; fileRef = 48C128B52C1B339F00EA91F8 /* MainViewController.swift */; };
		48C128B82C1B3CD100EA91F8 /* ReusableIdentifier.swift in Sources */ = {isa = PBXBuildFile; fileRef = 48C128B72C1B3CD100EA91F8 /* ReusableIdentifier.swift */; };
		48C128BA2C1B3D0A00EA91F8 /* ProfileImageCell.swift in Sources */ = {isa = PBXBuildFile; fileRef = 48C128B92C1B3D0A00EA91F8 /* ProfileImageCell.swift */; };
		48C824052C1C781A00E505CF /* RecentSearchCell.swift in Sources */ = {isa = PBXBuildFile; fileRef = 48C824042C1C781A00E505CF /* RecentSearchCell.swift */; };
		48C824072C1C7AE600E505CF /* RecentSearchHeader.swift in Sources */ = {isa = PBXBuildFile; fileRef = 48C824062C1C7AE600E505CF /* RecentSearchHeader.swift */; };
		48C8505F2C1C580C005F9CAF /* UserDefaultsManager.swift in Sources */ = {isa = PBXBuildFile; fileRef = 48C8505E2C1C580C005F9CAF /* UserDefaultsManager.swift */; };
		48C850612C1C60B1005F9CAF /* TabBarController.swift in Sources */ = {isa = PBXBuildFile; fileRef = 48C850602C1C60B1005F9CAF /* TabBarController.swift */; };
		48C850632C1C61C7005F9CAF /* SearchViewController.swift in Sources */ = {isa = PBXBuildFile; fileRef = 48C850622C1C61C7005F9CAF /* SearchViewController.swift */; };
		48C850652C1C61D3005F9CAF /* SettingViewController.swift in Sources */ = {isa = PBXBuildFile; fileRef = 48C850642C1C61D3005F9CAF /* SettingViewController.swift */; };
/* End PBXBuildFile section */

/* Begin PBXFileReference section */
		48C128812C1AE56300EA91F8 /* MeaningOut.app */ = {isa = PBXFileReference; explicitFileType = wrapper.application; includeInIndex = 0; path = MeaningOut.app; sourceTree = BUILT_PRODUCTS_DIR; };
		48C128842C1AE56300EA91F8 /* AppDelegate.swift */ = {isa = PBXFileReference; lastKnownFileType = sourcecode.swift; path = AppDelegate.swift; sourceTree = "<group>"; };
		48C128862C1AE56300EA91F8 /* SceneDelegate.swift */ = {isa = PBXFileReference; lastKnownFileType = sourcecode.swift; path = SceneDelegate.swift; sourceTree = "<group>"; };
		48C128882C1AE56300EA91F8 /* OnboardingViewController.swift */ = {isa = PBXFileReference; lastKnownFileType = sourcecode.swift; path = OnboardingViewController.swift; sourceTree = "<group>"; };
		48C1288D2C1AE56400EA91F8 /* Assets.xcassets */ = {isa = PBXFileReference; lastKnownFileType = folder.assetcatalog; path = Assets.xcassets; sourceTree = "<group>"; };
		48C128902C1AE56400EA91F8 /* Base */ = {isa = PBXFileReference; lastKnownFileType = file.storyboard; name = Base; path = Base.lproj/LaunchScreen.storyboard; sourceTree = "<group>"; };
		48C128922C1AE56400EA91F8 /* Info.plist */ = {isa = PBXFileReference; lastKnownFileType = text.plist.xml; path = Info.plist; sourceTree = "<group>"; };
		48C1289A2C1AE66600EA91F8 /* .gitignore */ = {isa = PBXFileReference; lastKnownFileType = text; path = .gitignore; sourceTree = "<group>"; };
		48C128A52C1AE86B00EA91F8 /* APIKey.swift */ = {isa = PBXFileReference; lastKnownFileType = sourcecode.swift; path = APIKey.swift; sourceTree = "<group>"; };
		48C128A82C1AE9B900EA91F8 /* Contant.swift */ = {isa = PBXFileReference; lastKnownFileType = sourcecode.swift; path = Contant.swift; sourceTree = "<group>"; };
		48C128AC2C1AF35500EA91F8 /* PrimaryButton.swift */ = {isa = PBXFileReference; lastKnownFileType = sourcecode.swift; path = PrimaryButton.swift; sourceTree = "<group>"; };
		48C128AF2C1AF9DF00EA91F8 /* ProfileNickNameViewController.swift */ = {isa = PBXFileReference; lastKnownFileType = sourcecode.swift; path = ProfileNickNameViewController.swift; sourceTree = "<group>"; };
		48C128B12C1AFA5D00EA91F8 /* ProfileImageView.swift */ = {isa = PBXFileReference; lastKnownFileType = sourcecode.swift; path = ProfileImageView.swift; sourceTree = "<group>"; };
		48C128B32C1B03DB00EA91F8 /* ProfileImageViewController.swift */ = {isa = PBXFileReference; lastKnownFileType = sourcecode.swift; path = ProfileImageViewController.swift; sourceTree = "<group>"; };
		48C128B52C1B339F00EA91F8 /* MainViewController.swift */ = {isa = PBXFileReference; lastKnownFileType = sourcecode.swift; path = MainViewController.swift; sourceTree = "<group>"; };
		48C128B72C1B3CD100EA91F8 /* ReusableIdentifier.swift */ = {isa = PBXFileReference; lastKnownFileType = sourcecode.swift; path = ReusableIdentifier.swift; sourceTree = "<group>"; };
		48C128B92C1B3D0A00EA91F8 /* ProfileImageCell.swift */ = {isa = PBXFileReference; lastKnownFileType = sourcecode.swift; path = ProfileImageCell.swift; sourceTree = "<group>"; };
		48C824042C1C781A00E505CF /* RecentSearchCell.swift */ = {isa = PBXFileReference; lastKnownFileType = sourcecode.swift; path = RecentSearchCell.swift; sourceTree = "<group>"; };
		48C824062C1C7AE600E505CF /* RecentSearchHeader.swift */ = {isa = PBXFileReference; lastKnownFileType = sourcecode.swift; path = RecentSearchHeader.swift; sourceTree = "<group>"; };
		48C8505E2C1C580C005F9CAF /* UserDefaultsManager.swift */ = {isa = PBXFileReference; lastKnownFileType = sourcecode.swift; path = UserDefaultsManager.swift; sourceTree = "<group>"; };
		48C850602C1C60B1005F9CAF /* TabBarController.swift */ = {isa = PBXFileReference; lastKnownFileType = sourcecode.swift; path = TabBarController.swift; sourceTree = "<group>"; };
		48C850622C1C61C7005F9CAF /* SearchViewController.swift */ = {isa = PBXFileReference; lastKnownFileType = sourcecode.swift; path = SearchViewController.swift; sourceTree = "<group>"; };
		48C850642C1C61D3005F9CAF /* SettingViewController.swift */ = {isa = PBXFileReference; lastKnownFileType = sourcecode.swift; path = SettingViewController.swift; sourceTree = "<group>"; };
/* End PBXFileReference section */

/* Begin PBXFrameworksBuildPhase section */
		48C1287E2C1AE56300EA91F8 /* Frameworks */ = {
			isa = PBXFrameworksBuildPhase;
			buildActionMask = 2147483647;
			files = (
				48C128A42C1AE6D200EA91F8 /* SnapKit in Frameworks */,
				48C1289E2C1AE6B100EA91F8 /* IQKeyboardManagerSwift in Frameworks */,
				48C128A12C1AE6BD00EA91F8 /* Alamofire in Frameworks */,
			);
			runOnlyForDeploymentPostprocessing = 0;
		};
/* End PBXFrameworksBuildPhase section */

/* Begin PBXGroup section */
		48C128782C1AE56300EA91F8 = {
			isa = PBXGroup;
			children = (
				48C1289A2C1AE66600EA91F8 /* .gitignore */,
				48C128832C1AE56300EA91F8 /* MeaningOut */,
				48C128822C1AE56300EA91F8 /* Products */,
			);
			sourceTree = "<group>";
		};
		48C128822C1AE56300EA91F8 /* Products */ = {
			isa = PBXGroup;
			children = (
				48C128812C1AE56300EA91F8 /* MeaningOut.app */,
			);
			name = Products;
			sourceTree = "<group>";
		};
		48C128832C1AE56300EA91F8 /* MeaningOut */ = {
			isa = PBXGroup;
			children = (
				48C128BB2C1B3D1300EA91F8 /* Cell */,
				48C128AE2C1AF99900EA91F8 /* Controller */,
				48C128A72C1AE97B00EA91F8 /* Helpers */,
				48C128842C1AE56300EA91F8 /* AppDelegate.swift */,
				48C128862C1AE56300EA91F8 /* SceneDelegate.swift */,
				48C1288D2C1AE56400EA91F8 /* Assets.xcassets */,
				48C1288F2C1AE56400EA91F8 /* LaunchScreen.storyboard */,
				48C128922C1AE56400EA91F8 /* Info.plist */,
				48C128A52C1AE86B00EA91F8 /* APIKey.swift */,
			);
			path = MeaningOut;
			sourceTree = "<group>";
		};
		48C128A72C1AE97B00EA91F8 /* Helpers */ = {
			isa = PBXGroup;
			children = (
				48C128A82C1AE9B900EA91F8 /* Contant.swift */,
				48C128AC2C1AF35500EA91F8 /* PrimaryButton.swift */,
				48C128B12C1AFA5D00EA91F8 /* ProfileImageView.swift */,
				48C128B72C1B3CD100EA91F8 /* ReusableIdentifier.swift */,
				48C8505E2C1C580C005F9CAF /* UserDefaultsManager.swift */,
			);
			path = Helpers;
			sourceTree = "<group>";
		};
		48C128AE2C1AF99900EA91F8 /* Controller */ = {
			isa = PBXGroup;
			children = (
				48C128882C1AE56300EA91F8 /* OnboardingViewController.swift */,
				48C128AF2C1AF9DF00EA91F8 /* ProfileNickNameViewController.swift */,
				48C128B32C1B03DB00EA91F8 /* ProfileImageViewController.swift */,
				48C128B52C1B339F00EA91F8 /* MainViewController.swift */,
				48C850602C1C60B1005F9CAF /* TabBarController.swift */,
				48C850622C1C61C7005F9CAF /* SearchViewController.swift */,
				48C850642C1C61D3005F9CAF /* SettingViewController.swift */,
			);
			path = Controller;
			sourceTree = "<group>";
		};
		48C128BB2C1B3D1300EA91F8 /* Cell */ = {
			isa = PBXGroup;
			children = (
				48C128B92C1B3D0A00EA91F8 /* ProfileImageCell.swift */,
				48C824042C1C781A00E505CF /* RecentSearchCell.swift */,
				48C824062C1C7AE600E505CF /* RecentSearchHeader.swift */,
			);
			path = Cell;
			sourceTree = "<group>";
		};
/* End PBXGroup section */

/* Begin PBXNativeTarget section */
		48C128802C1AE56300EA91F8 /* MeaningOut */ = {
			isa = PBXNativeTarget;
			buildConfigurationList = 48C128952C1AE56400EA91F8 /* Build configuration list for PBXNativeTarget "MeaningOut" */;
			buildPhases = (
				48C1287D2C1AE56300EA91F8 /* Sources */,
				48C1287E2C1AE56300EA91F8 /* Frameworks */,
				48C1287F2C1AE56300EA91F8 /* Resources */,
			);
			buildRules = (
			);
			dependencies = (
			);
			name = MeaningOut;
			packageProductDependencies = (
				48C1289D2C1AE6B100EA91F8 /* IQKeyboardManagerSwift */,
				48C128A02C1AE6BD00EA91F8 /* Alamofire */,
				48C128A32C1AE6D200EA91F8 /* SnapKit */,
			);
			productName = MeaningOut;
			productReference = 48C128812C1AE56300EA91F8 /* MeaningOut.app */;
			productType = "com.apple.product-type.application";
		};
/* End PBXNativeTarget section */

/* Begin PBXProject section */
		48C128792C1AE56300EA91F8 /* Project object */ = {
			isa = PBXProject;
			attributes = {
				BuildIndependentTargetsInParallel = 1;
				LastSwiftUpdateCheck = 1530;
				LastUpgradeCheck = 1530;
				TargetAttributes = {
					48C128802C1AE56300EA91F8 = {
						CreatedOnToolsVersion = 15.3;
					};
				};
			};
			buildConfigurationList = 48C1287C2C1AE56300EA91F8 /* Build configuration list for PBXProject "MeaningOut" */;
			compatibilityVersion = "Xcode 14.0";
			developmentRegion = en;
			hasScannedForEncodings = 0;
			knownRegions = (
				en,
				Base,
			);
			mainGroup = 48C128782C1AE56300EA91F8;
			packageReferences = (
				48C1289C2C1AE6B100EA91F8 /* XCRemoteSwiftPackageReference "IQKeyboardManager" */,
				48C1289F2C1AE6BD00EA91F8 /* XCRemoteSwiftPackageReference "Alamofire" */,
				48C128A22C1AE6D200EA91F8 /* XCRemoteSwiftPackageReference "SnapKit" */,
			);
			productRefGroup = 48C128822C1AE56300EA91F8 /* Products */;
			projectDirPath = "";
			projectRoot = "";
			targets = (
				48C128802C1AE56300EA91F8 /* MeaningOut */,
			);
		};
/* End PBXProject section */

/* Begin PBXResourcesBuildPhase section */
		48C1287F2C1AE56300EA91F8 /* Resources */ = {
			isa = PBXResourcesBuildPhase;
			buildActionMask = 2147483647;
			files = (
				48C1289B2C1AE66600EA91F8 /* .gitignore in Resources */,
				48C1288E2C1AE56400EA91F8 /* Assets.xcassets in Resources */,
				48C128912C1AE56400EA91F8 /* Base in Resources */,
			);
			runOnlyForDeploymentPostprocessing = 0;
		};
/* End PBXResourcesBuildPhase section */

/* Begin PBXSourcesBuildPhase section */
		48C1287D2C1AE56300EA91F8 /* Sources */ = {
			isa = PBXSourcesBuildPhase;
			buildActionMask = 2147483647;
			files = (
				48C850632C1C61C7005F9CAF /* SearchViewController.swift in Sources */,
				48C128B42C1B03DB00EA91F8 /* ProfileImageViewController.swift in Sources */,
				48C128B22C1AFA5D00EA91F8 /* ProfileImageView.swift in Sources */,
				48C850652C1C61D3005F9CAF /* SettingViewController.swift in Sources */,
				48C128892C1AE56300EA91F8 /* OnboardingViewController.swift in Sources */,
				48C8505F2C1C580C005F9CAF /* UserDefaultsManager.swift in Sources */,
				48C850612C1C60B1005F9CAF /* TabBarController.swift in Sources */,
				48C128A92C1AE9B900EA91F8 /* Contant.swift in Sources */,
				48C128AD2C1AF35500EA91F8 /* PrimaryButton.swift in Sources */,
				48C128BA2C1B3D0A00EA91F8 /* ProfileImageCell.swift in Sources */,
				48C128852C1AE56300EA91F8 /* AppDelegate.swift in Sources */,
				48C128A62C1AE86B00EA91F8 /* APIKey.swift in Sources */,
				48C128B82C1B3CD100EA91F8 /* ReusableIdentifier.swift in Sources */,
				48C824072C1C7AE600E505CF /* RecentSearchHeader.swift in Sources */,
				48C824052C1C781A00E505CF /* RecentSearchCell.swift in Sources */,
				48C128B02C1AF9DF00EA91F8 /* ProfileNickNameViewController.swift in Sources */,
				48C128872C1AE56300EA91F8 /* SceneDelegate.swift in Sources */,
				48C128B62C1B339F00EA91F8 /* MainViewController.swift in Sources */,
			);
			runOnlyForDeploymentPostprocessing = 0;
		};
/* End PBXSourcesBuildPhase section */

/* Begin PBXVariantGroup section */
		48C1288F2C1AE56400EA91F8 /* LaunchScreen.storyboard */ = {
			isa = PBXVariantGroup;
			children = (
				48C128902C1AE56400EA91F8 /* Base */,
			);
			name = LaunchScreen.storyboard;
			sourceTree = "<group>";
		};
/* End PBXVariantGroup section */

/* Begin XCBuildConfiguration section */
		48C128932C1AE56400EA91F8 /* Debug */ = {
			isa = XCBuildConfiguration;
			buildSettings = {
				ALWAYS_SEARCH_USER_PATHS = NO;
				ASSETCATALOG_COMPILER_GENERATE_SWIFT_ASSET_SYMBOL_EXTENSIONS = YES;
				CLANG_ANALYZER_NONNULL = YES;
				CLANG_ANALYZER_NUMBER_OBJECT_CONVERSION = YES_AGGRESSIVE;
				CLANG_CXX_LANGUAGE_STANDARD = "gnu++20";
				CLANG_ENABLE_MODULES = YES;
				CLANG_ENABLE_OBJC_ARC = YES;
				CLANG_ENABLE_OBJC_WEAK = YES;
				CLANG_WARN_BLOCK_CAPTURE_AUTORELEASING = YES;
				CLANG_WARN_BOOL_CONVERSION = YES;
				CLANG_WARN_COMMA = YES;
				CLANG_WARN_CONSTANT_CONVERSION = YES;
				CLANG_WARN_DEPRECATED_OBJC_IMPLEMENTATIONS = YES;
				CLANG_WARN_DIRECT_OBJC_ISA_USAGE = YES_ERROR;
				CLANG_WARN_DOCUMENTATION_COMMENTS = YES;
				CLANG_WARN_EMPTY_BODY = YES;
				CLANG_WARN_ENUM_CONVERSION = YES;
				CLANG_WARN_INFINITE_RECURSION = YES;
				CLANG_WARN_INT_CONVERSION = YES;
				CLANG_WARN_NON_LITERAL_NULL_CONVERSION = YES;
				CLANG_WARN_OBJC_IMPLICIT_RETAIN_SELF = YES;
				CLANG_WARN_OBJC_LITERAL_CONVERSION = YES;
				CLANG_WARN_OBJC_ROOT_CLASS = YES_ERROR;
				CLANG_WARN_QUOTED_INCLUDE_IN_FRAMEWORK_HEADER = YES;
				CLANG_WARN_RANGE_LOOP_ANALYSIS = YES;
				CLANG_WARN_STRICT_PROTOTYPES = YES;
				CLANG_WARN_SUSPICIOUS_MOVE = YES;
				CLANG_WARN_UNGUARDED_AVAILABILITY = YES_AGGRESSIVE;
				CLANG_WARN_UNREACHABLE_CODE = YES;
				CLANG_WARN__DUPLICATE_METHOD_MATCH = YES;
				COPY_PHASE_STRIP = NO;
				DEBUG_INFORMATION_FORMAT = dwarf;
				ENABLE_STRICT_OBJC_MSGSEND = YES;
				ENABLE_TESTABILITY = YES;
				ENABLE_USER_SCRIPT_SANDBOXING = YES;
				GCC_C_LANGUAGE_STANDARD = gnu17;
				GCC_DYNAMIC_NO_PIC = NO;
				GCC_NO_COMMON_BLOCKS = YES;
				GCC_OPTIMIZATION_LEVEL = 0;
				GCC_PREPROCESSOR_DEFINITIONS = (
					"DEBUG=1",
					"$(inherited)",
				);
				GCC_WARN_64_TO_32_BIT_CONVERSION = YES;
				GCC_WARN_ABOUT_RETURN_TYPE = YES_ERROR;
				GCC_WARN_UNDECLARED_SELECTOR = YES;
				GCC_WARN_UNINITIALIZED_AUTOS = YES_AGGRESSIVE;
				GCC_WARN_UNUSED_FUNCTION = YES;
				GCC_WARN_UNUSED_VARIABLE = YES;
				IPHONEOS_DEPLOYMENT_TARGET = 17.4;
				LOCALIZATION_PREFERS_STRING_CATALOGS = YES;
				MTL_ENABLE_DEBUG_INFO = INCLUDE_SOURCE;
				MTL_FAST_MATH = YES;
				ONLY_ACTIVE_ARCH = YES;
				SDKROOT = iphoneos;
				SWIFT_ACTIVE_COMPILATION_CONDITIONS = "DEBUG $(inherited)";
				SWIFT_OPTIMIZATION_LEVEL = "-Onone";
			};
			name = Debug;
		};
		48C128942C1AE56400EA91F8 /* Release */ = {
			isa = XCBuildConfiguration;
			buildSettings = {
				ALWAYS_SEARCH_USER_PATHS = NO;
				ASSETCATALOG_COMPILER_GENERATE_SWIFT_ASSET_SYMBOL_EXTENSIONS = YES;
				CLANG_ANALYZER_NONNULL = YES;
				CLANG_ANALYZER_NUMBER_OBJECT_CONVERSION = YES_AGGRESSIVE;
				CLANG_CXX_LANGUAGE_STANDARD = "gnu++20";
				CLANG_ENABLE_MODULES = YES;
				CLANG_ENABLE_OBJC_ARC = YES;
				CLANG_ENABLE_OBJC_WEAK = YES;
				CLANG_WARN_BLOCK_CAPTURE_AUTORELEASING = YES;
				CLANG_WARN_BOOL_CONVERSION = YES;
				CLANG_WARN_COMMA = YES;
				CLANG_WARN_CONSTANT_CONVERSION = YES;
				CLANG_WARN_DEPRECATED_OBJC_IMPLEMENTATIONS = YES;
				CLANG_WARN_DIRECT_OBJC_ISA_USAGE = YES_ERROR;
				CLANG_WARN_DOCUMENTATION_COMMENTS = YES;
				CLANG_WARN_EMPTY_BODY = YES;
				CLANG_WARN_ENUM_CONVERSION = YES;
				CLANG_WARN_INFINITE_RECURSION = YES;
				CLANG_WARN_INT_CONVERSION = YES;
				CLANG_WARN_NON_LITERAL_NULL_CONVERSION = YES;
				CLANG_WARN_OBJC_IMPLICIT_RETAIN_SELF = YES;
				CLANG_WARN_OBJC_LITERAL_CONVERSION = YES;
				CLANG_WARN_OBJC_ROOT_CLASS = YES_ERROR;
				CLANG_WARN_QUOTED_INCLUDE_IN_FRAMEWORK_HEADER = YES;
				CLANG_WARN_RANGE_LOOP_ANALYSIS = YES;
				CLANG_WARN_STRICT_PROTOTYPES = YES;
				CLANG_WARN_SUSPICIOUS_MOVE = YES;
				CLANG_WARN_UNGUARDED_AVAILABILITY = YES_AGGRESSIVE;
				CLANG_WARN_UNREACHABLE_CODE = YES;
				CLANG_WARN__DUPLICATE_METHOD_MATCH = YES;
				COPY_PHASE_STRIP = NO;
				DEBUG_INFORMATION_FORMAT = "dwarf-with-dsym";
				ENABLE_NS_ASSERTIONS = NO;
				ENABLE_STRICT_OBJC_MSGSEND = YES;
				ENABLE_USER_SCRIPT_SANDBOXING = YES;
				GCC_C_LANGUAGE_STANDARD = gnu17;
				GCC_NO_COMMON_BLOCKS = YES;
				GCC_WARN_64_TO_32_BIT_CONVERSION = YES;
				GCC_WARN_ABOUT_RETURN_TYPE = YES_ERROR;
				GCC_WARN_UNDECLARED_SELECTOR = YES;
				GCC_WARN_UNINITIALIZED_AUTOS = YES_AGGRESSIVE;
				GCC_WARN_UNUSED_FUNCTION = YES;
				GCC_WARN_UNUSED_VARIABLE = YES;
				IPHONEOS_DEPLOYMENT_TARGET = 17.4;
				LOCALIZATION_PREFERS_STRING_CATALOGS = YES;
				MTL_ENABLE_DEBUG_INFO = NO;
				MTL_FAST_MATH = YES;
				SDKROOT = iphoneos;
				SWIFT_COMPILATION_MODE = wholemodule;
				VALIDATE_PRODUCT = YES;
			};
			name = Release;
		};
		48C128962C1AE56400EA91F8 /* Debug */ = {
			isa = XCBuildConfiguration;
			buildSettings = {
				ASSETCATALOG_COMPILER_APPICON_NAME = AppIcon;
				ASSETCATALOG_COMPILER_GLOBAL_ACCENT_COLOR_NAME = AccentColor;
				CODE_SIGN_STYLE = Automatic;
				CURRENT_PROJECT_VERSION = 1;
				DEVELOPMENT_TEAM = U4HJYQP2ZD;
				GENERATE_INFOPLIST_FILE = YES;
				INFOPLIST_FILE = MeaningOut/Info.plist;
				INFOPLIST_KEY_UIApplicationSupportsIndirectInputEvents = YES;
				INFOPLIST_KEY_UILaunchStoryboardName = LaunchScreen;
				INFOPLIST_KEY_UISupportedInterfaceOrientations = UIInterfaceOrientationPortrait;
				INFOPLIST_KEY_UISupportedInterfaceOrientations_iPad = UIInterfaceOrientationPortrait;
				IPHONEOS_DEPLOYMENT_TARGET = 15.0;
				LD_RUNPATH_SEARCH_PATHS = (
					"$(inherited)",
					"@executable_path/Frameworks",
				);
				MARKETING_VERSION = 1.0;
				PRODUCT_BUNDLE_IDENTIFIER = com.dahyun.MeaningOut;
				PRODUCT_NAME = "$(TARGET_NAME)";
				SUPPORTED_PLATFORMS = "iphoneos iphonesimulator";
				SUPPORTS_MACCATALYST = NO;
				SUPPORTS_MAC_DESIGNED_FOR_IPHONE_IPAD = NO;
				SUPPORTS_XR_DESIGNED_FOR_IPHONE_IPAD = NO;
				SWIFT_EMIT_LOC_STRINGS = YES;
				SWIFT_VERSION = 5.0;
				TARGETED_DEVICE_FAMILY = 1;
			};
			name = Debug;
		};
		48C128972C1AE56400EA91F8 /* Release */ = {
			isa = XCBuildConfiguration;
			buildSettings = {
				ASSETCATALOG_COMPILER_APPICON_NAME = AppIcon;
				ASSETCATALOG_COMPILER_GLOBAL_ACCENT_COLOR_NAME = AccentColor;
				CODE_SIGN_STYLE = Automatic;
				CURRENT_PROJECT_VERSION = 1;
				DEVELOPMENT_TEAM = U4HJYQP2ZD;
				GENERATE_INFOPLIST_FILE = YES;
				INFOPLIST_FILE = MeaningOut/Info.plist;
				INFOPLIST_KEY_UIApplicationSupportsIndirectInputEvents = YES;
				INFOPLIST_KEY_UILaunchStoryboardName = LaunchScreen;
				INFOPLIST_KEY_UISupportedInterfaceOrientations = UIInterfaceOrientationPortrait;
				INFOPLIST_KEY_UISupportedInterfaceOrientations_iPad = UIInterfaceOrientationPortrait;
				IPHONEOS_DEPLOYMENT_TARGET = 15.0;
				LD_RUNPATH_SEARCH_PATHS = (
					"$(inherited)",
					"@executable_path/Frameworks",
				);
				MARKETING_VERSION = 1.0;
				PRODUCT_BUNDLE_IDENTIFIER = com.dahyun.MeaningOut;
				PRODUCT_NAME = "$(TARGET_NAME)";
				SUPPORTED_PLATFORMS = "iphoneos iphonesimulator";
				SUPPORTS_MACCATALYST = NO;
				SUPPORTS_MAC_DESIGNED_FOR_IPHONE_IPAD = NO;
				SUPPORTS_XR_DESIGNED_FOR_IPHONE_IPAD = NO;
				SWIFT_EMIT_LOC_STRINGS = YES;
				SWIFT_VERSION = 5.0;
				TARGETED_DEVICE_FAMILY = 1;
			};
			name = Release;
		};
/* End XCBuildConfiguration section */

/* Begin XCConfigurationList section */
		48C1287C2C1AE56300EA91F8 /* Build configuration list for PBXProject "MeaningOut" */ = {
			isa = XCConfigurationList;
			buildConfigurations = (
				48C128932C1AE56400EA91F8 /* Debug */,
				48C128942C1AE56400EA91F8 /* Release */,
			);
			defaultConfigurationIsVisible = 0;
			defaultConfigurationName = Release;
		};
		48C128952C1AE56400EA91F8 /* Build configuration list for PBXNativeTarget "MeaningOut" */ = {
			isa = XCConfigurationList;
			buildConfigurations = (
				48C128962C1AE56400EA91F8 /* Debug */,
				48C128972C1AE56400EA91F8 /* Release */,
			);
			defaultConfigurationIsVisible = 0;
			defaultConfigurationName = Release;
		};
/* End XCConfigurationList section */

/* Begin XCRemoteSwiftPackageReference section */
		48C1289C2C1AE6B100EA91F8 /* XCRemoteSwiftPackageReference "IQKeyboardManager" */ = {
			isa = XCRemoteSwiftPackageReference;
			repositoryURL = "https://github.com/hackiftekhar/IQKeyboardManager.git";
			requirement = {
				kind = upToNextMajorVersion;
				minimumVersion = 7.0.3;
			};
		};
		48C1289F2C1AE6BD00EA91F8 /* XCRemoteSwiftPackageReference "Alamofire" */ = {
			isa = XCRemoteSwiftPackageReference;
			repositoryURL = "https://github.com/Alamofire/Alamofire.git";
			requirement = {
				kind = upToNextMajorVersion;
				minimumVersion = 5.9.1;
			};
		};
		48C128A22C1AE6D200EA91F8 /* XCRemoteSwiftPackageReference "SnapKit" */ = {
			isa = XCRemoteSwiftPackageReference;
			repositoryURL = "https://github.com/SnapKit/SnapKit.git";
			requirement = {
				kind = upToNextMajorVersion;
				minimumVersion = 5.7.1;
			};
		};
/* End XCRemoteSwiftPackageReference section */

/* Begin XCSwiftPackageProductDependency section */
		48C1289D2C1AE6B100EA91F8 /* IQKeyboardManagerSwift */ = {
			isa = XCSwiftPackageProductDependency;
			package = 48C1289C2C1AE6B100EA91F8 /* XCRemoteSwiftPackageReference "IQKeyboardManager" */;
			productName = IQKeyboardManagerSwift;
		};
		48C128A02C1AE6BD00EA91F8 /* Alamofire */ = {
			isa = XCSwiftPackageProductDependency;
			package = 48C1289F2C1AE6BD00EA91F8 /* XCRemoteSwiftPackageReference "Alamofire" */;
			productName = Alamofire;
		};
		48C128A32C1AE6D200EA91F8 /* SnapKit */ = {
			isa = XCSwiftPackageProductDependency;
			package = 48C128A22C1AE6D200EA91F8 /* XCRemoteSwiftPackageReference "SnapKit" */;
			productName = SnapKit;
		};
/* End XCSwiftPackageProductDependency section */
	};
	rootObject = 48C128792C1AE56300EA91F8 /* Project object */;
}
